
Microsoft Visual Studio Solution File, Format Version 12.00
# Visual Studio Version 16
VisualStudioVersion = 16.0.30907.101
MinimumVisualStudioVersion = 10.0.40219.1
Project("{FAE04EC0-301F-11D3-BF4B-00C04F79EFBC}") = "FuelPricesWatcher.UI.UWP", "FuelPricesWatcher.UI.UWP\FuelPricesWatcher.UI.UWP.csproj", "{0663FC94-5D28-424B-83D9-553D5B52C6B5}"
EndProject
Project("{FAE04EC0-301F-11D3-BF4B-00C04F79EFBC}") = "FuelPricesWatcher.Models", "FuelPricesWatcher.Models\FuelPricesWatcher.Models.csproj", "{ACF56320-7616-4ACC-8F67-D4FF90E1E987}"
EndProject
Project("{FAE04EC0-301F-11D3-BF4B-00C04F79EFBC}") = "FuelPricesWatcher.Services", "FuelPricesWatcher.Services\FuelPricesWatcher.Services.csproj", "{163A145F-7727-453A-B29E-C229316B579F}"
EndProject
Global
	GlobalSection(SolutionConfigurationPlatforms) = preSolution
		Debug|Any CPU = Debug|Any CPU
		Debug|ARM = Debug|ARM
		Debug|ARM64 = Debug|ARM64
		Debug|x64 = Debug|x64
		Debug|x86 = Debug|x86
		Release|Any CPU = Release|Any CPU
		Release|ARM = Release|ARM
		Release|ARM64 = Release|ARM64
		Release|x64 = Release|x64
		Release|x86 = Release|x86
	EndGlobalSection
	GlobalSection(ProjectConfigurationPlatforms) = postSolution
		{0663FC94-5D28-424B-83D9-553D5B52C6B5}.Debug|Any CPU.ActiveCfg = Debug|x86
		{0663FC94-5D28-424B-83D9-553D5B52C6B5}.Debug|ARM.ActiveCfg = Debug|ARM
		{0663FC94-5D28-424B-83D9-553D5B52C6B5}.Debug|ARM.Build.0 = Debug|ARM
		{0663FC94-5D28-424B-83D9-553D5B52C6B5}.Debug|ARM.Deploy.0 = Debug|ARM
		{0663FC94-5D28-424B-83D9-553D5B52C6B5}.Debug|ARM64.ActiveCfg = Debug|ARM64
		{0663FC94-5D28-424B-83D9-553D5B52C6B5}.Debug|ARM64.Build.0 = Debug|ARM64
		{0663FC94-5D28-424B-83D9-553D5B52C6B5}.Debug|ARM64.Deploy.0 = Debug|ARM64
		{0663FC94-5D28-424B-83D9-553D5B52C6B5}.Debug|x64.ActiveCfg = Debug|x64
		{0663FC94-5D28-424B-83D9-553D5B52C6B5}.Debug|x64.Build.0 = Debug|x64
		{0663FC94-5D28-424B-83D9-553D5B52C6B5}.Debug|x64.Deploy.0 = Debug|x64
		{0663FC94-5D28-424B-83D9-553D5B52C6B5}.Debug|x86.ActiveCfg = Debug|x86
		{0663FC94-5D28-424B-83D9-553D5B52C6B5}.Debug|x86.Build.0 = Debug|x86
		{0663FC94-5D28-424B-83D9-553D5B52C6B5}.Debug|x86.Deploy.0 = Debug|x86
		{0663FC94-5D28-424B-83D9-553D5B52C6B5}.Release|Any CPU.ActiveCfg = Release|x86
		{0663FC94-5D28-424B-83D9-553D5B52C6B5}.Release|ARM.ActiveCfg = Release|ARM
		{0663FC94-5D28-424B-83D9-553D5B52C6B5}.Release|ARM.Build.0 = Release|ARM
		{0663FC94-5D28-424B-83D9-553D5B52C6B5}.Release|ARM.Deploy.0 = Release|ARM
		{0663FC94-5D28-424B-83D9-553D5B52C6B5}.Release|ARM64.ActiveCfg = Release|ARM64
		{0663FC94-5D28-424B-83D9-553D5B52C6B5}.Release|ARM64.Build.0 = Release|ARM64
		{0663FC94-5D28-424B-83D9-553D5B52C6B5}.Release|ARM64.Deploy.0 = Release|ARM64
		{0663FC94-5D28-424B-83D9-553D5B52C6B5}.Release|x64.ActiveCfg = Release|x64
		{0663FC94-5D28-424B-83D9-553D5B52C6B5}.Release|x64.Build.0 = Release|x64
		{0663FC94-5D28-424B-83D9-553D5B52C6B5}.Release|x64.Deploy.0 = Release|x64
		{0663FC94-5D28-424B-83D9-553D5B52C6B5}.Release|x86.ActiveCfg = Release|x86
		{0663FC94-5D28-424B-83D9-553D5B52C6B5}.Release|x86.Build.0 = Release|x86
		{0663FC94-5D28-424B-83D9-553D5B52C6B5}.Release|x86.Deploy.0 = Release|x86
		{ACF56320-7616-4ACC-8F67-D4FF90E1E987}.Debug|Any CPU.ActiveCfg = Debug|Any CPU
		{ACF56320-7616-4ACC-8F67-D4FF90E1E987}.Debug|Any CPU.Build.0 = Debug|Any CPU
		{ACF56320-7616-4ACC-8F67-D4FF90E1E987}.Debug|ARM.ActiveCfg = Debug|Any CPU
		{ACF56320-7616-4ACC-8F67-D4FF90E1E987}.Debug|ARM.Build.0 = Debug|Any CPU
		{ACF56320-7616-4ACC-8F67-D4FF90E1E987}.Debug|ARM64.ActiveCfg = Debug|Any CPU
		{ACF56320-7616-4ACC-8F67-D4FF90E1E987}.Debug|ARM64.Build.0 = Debug|Any CPU
		{ACF56320-7616-4ACC-8F67-D4FF90E1E987}.Debug|x64.ActiveCfg = Debug|Any CPU
		{ACF56320-7616-4ACC-8F67-D4FF90E1E987}.Debug|x64.Build.0 = Debug|Any CPU
		{ACF56320-7616-4ACC-8F67-D4FF90E1E987}.Debug|x86.ActiveCfg = Debug|Any CPU
		{ACF56320-7616-4ACC-8F67-D4FF90E1E987}.Debug|x86.Build.0 = Debug|Any CPU
		{ACF56320-7616-4ACC-8F67-D4FF90E1E987}.Release|Any CPU.ActiveCfg = Release|Any CPU
		{ACF56320-7616-4ACC-8F67-D4FF90E1E987}.Release|Any CPU.Build.0 = Release|Any CPU
		{ACF56320-7616-4ACC-8F67-D4FF90E1E987}.Release|ARM.ActiveCfg = Release|Any CPU
		{ACF56320-7616-4ACC-8F67-D4FF90E1E987}.Release|ARM.Build.0 = Release|Any CPU
		{ACF56320-7616-4ACC-8F67-D4FF90E1E987}.Release|ARM64.ActiveCfg = Release|Any CPU
		{ACF56320-7616-4ACC-8F67-D4FF90E1E987}.Release|ARM64.Build.0 = Release|Any CPU
		{ACF56320-7616-4ACC-8F67-D4FF90E1E987}.Release|x64.ActiveCfg = Release|Any CPU
		{ACF56320-7616-4ACC-8F67-D4FF90E1E987}.Release|x64.Build.0 = Release|Any CPU
		{ACF56320-7616-4ACC-8F67-D4FF90E1E987}.Release|x86.ActiveCfg = Release|Any CPU
		{ACF56320-7616-4ACC-8F67-D4FF90E1E987}.Release|x86.Build.0 = Release|Any CPU
		{163A145F-7727-453A-B29E-C229316B579F}.Debug|Any CPU.ActiveCfg = Debug|Any CPU
		{163A145F-7727-453A-B29E-C229316B579F}.Debug|Any CPU.Build.0 = Debug|Any CPU
		{163A145F-7727-453A-B29E-C229316B579F}.Debug|ARM.ActiveCfg = Debug|Any CPU
		{163A145F-7727-453A-B29E-C229316B579F}.Debug|ARM.Build.0 = Debug|Any CPU
		{163A145F-7727-453A-B29E-C229316B579F}.Debug|ARM64.ActiveCfg = Debug|Any CPU
		{163A145F-7727-453A-B29E-C229316B579F}.Debug|ARM64.Build.0 = Debug|Any CPU
		{163A145F-7727-453A-B29E-C229316B579F}.Debug|x64.ActiveCfg = Debug|Any CPU
		{163A145F-7727-453A-B29E-C229316B579F}.Debug|x64.Build.0 = Debug|Any CPU
		{163A145F-7727-453A-B29E-C229316B579F}.Debug|x86.ActiveCfg = Debug|Any CPU
		{163A145F-7727-453A-B29E-C229316B579F}.Debug|x86.Build.0 = Debug|Any CPU
		{163A145F-7727-453A-B29E-C229316B579F}.Release|Any CPU.ActiveCfg = Release|Any CPU
		{163A145F-7727-453A-B29E-C229316B579F}.Release|Any CPU.Build.0 = Release|Any CPU
		{163A145F-7727-453A-B29E-C229316B579F}.Release|ARM.ActiveCfg = Release|Any CPU
		{163A145F-7727-453A-B29E-C229316B579F}.Release|ARM.Build.0 = Release|Any CPU
		{163A145F-7727-453A-B29E-C229316B579F}.Release|ARM64.ActiveCfg = Release|Any CPU
		{163A145F-7727-453A-B29E-C229316B579F}.Release|ARM64.Build.0 = Release|Any CPU
		{163A145F-7727-453A-B29E-C229316B579F}.Release|x64.ActiveCfg = Release|Any CPU
		{163A145F-7727-453A-B29E-C229316B579F}.Release|x64.Build.0 = Release|Any CPU
		{163A145F-7727-453A-B29E-C229316B579F}.Release|x86.ActiveCfg = Release|Any CPU
		{163A145F-7727-453A-B29E-C229316B579F}.Release|x86.Build.0 = Release|Any CPU
	EndGlobalSection
	GlobalSection(SolutionProperties) = preSolution
		HideSolutionNode = FALSE
	EndGlobalSection
	GlobalSection(ExtensibilityGlobals) = postSolution
		SolutionGuid = {020E049C-C0F8-44F4-9481-F84FD62CBCC6}
	EndGlobalSection
EndGlobal
